
Microsoft Visual Studio Solution File, Format Version 12.00
# Visual Studio Version 17
VisualStudioVersion = 17.0.31903.59
MinimumVisualStudioVersion = 10.0.40219.1
Project("{FAE04EC0-301F-11D3-BF4B-00C04F79EFBC}") = "LibProject", "LibProject\LibProject.csproj", "{73A9C96F-870F-4B11-9452-309773D89F99}"
EndProject
Project("{FAE04EC0-301F-11D3-BF4B-00C04F79EFBC}") = "LibProject.Tests", "LibProject.Tests\LibProject.Tests.csproj", "{450EE5EA-C670-480C-B4E0-019281FF866B}"
EndProject
Global
	GlobalSection(SolutionConfigurationPlatforms) = preSolution
		Debug|Any CPU = Debug|Any CPU
		Release|Any CPU = Release|Any CPU
	EndGlobalSection
	GlobalSection(SolutionProperties) = preSolution
		HideSolutionNode = FALSE
	EndGlobalSection
	GlobalSection(ProjectConfigurationPlatforms) = postSolution
		{73A9C96F-870F-4B11-9452-309773D89F99}.Debug|Any CPU.ActiveCfg = Debug|Any CPU
		{73A9C96F-870F-4B11-9452-309773D89F99}.Debug|Any CPU.Build.0 = Debug|Any CPU
		{73A9C96F-870F-4B11-9452-309773D89F99}.Release|Any CPU.ActiveCfg = Release|Any CPU
		{73A9C96F-870F-4B11-9452-309773D89F99}.Release|Any CPU.Build.0 = Release|Any CPU
		{450EE5EA-C670-480C-B4E0-019281FF866B}.Debug|Any CPU.ActiveCfg = Debug|Any CPU
		{450EE5EA-C670-480C-B4E0-019281FF866B}.Debug|Any CPU.Build.0 = Debug|Any CPU
		{450EE5EA-C670-480C-B4E0-019281FF866B}.Release|Any CPU.ActiveCfg = Release|Any CPU
		{450EE5EA-C670-480C-B4E0-019281FF866B}.Release|Any CPU.Build.0 = Release|Any CPU
	EndGlobalSection
EndGlobal
